
Microsoft Visual Studio Solution File, Format Version 11.00
# Visual Studio 2010
Project("{8BC9CEB8-8B4A-11D0-8D11-00A0C91BC942}") = "cw6", "cw6\cw6.vcxproj", "{832DFE83-D478-4297-BE7B-1308234F1DD2}"
EndProject
Project("{8BC9CEB8-8B4A-11D0-8D11-00A0C91BC942}") = "zad_zal2", "zad_zal2\zad_zal2.vcxproj", "{9002EE96-0AE6-4B5B-853B-C89FAE886A1F}"
EndProject
Project("{8BC9CEB8-8B4A-11D0-8D11-00A0C91BC942}") = "generowanieAutomatyczne", "generowanieAutomatyczne\generowanieAutomatyczne.vcxproj", "{3DA92AFF-5608-4E32-9251-E78A2C85675A}"
EndProject
Project("{8BC9CEB8-8B4A-11D0-8D11-00A0C91BC942}") = "ROBOCZE", "sumEvenTablica\sumEvenTablica.vcxproj", "{E05326D7-9DFE-45D5-AD5D-DF7E674D8486}"
EndProject
Project("{8BC9CEB8-8B4A-11D0-8D11-00A0C91BC942}") = "ciag_cw", "ciag_cw\ciag_cw.vcxproj", "{0ABB85D8-3B40-4B21-B5A9-C6BF4C69F444}"
EndProject
Global
	GlobalSection(SolutionConfigurationPlatforms) = preSolution
		Debug|Win32 = Debug|Win32
		Release|Win32 = Release|Win32
	EndGlobalSection
	GlobalSection(ProjectConfigurationPlatforms) = postSolution
		{832DFE83-D478-4297-BE7B-1308234F1DD2}.Debug|Win32.ActiveCfg = Debug|Win32
		{832DFE83-D478-4297-BE7B-1308234F1DD2}.Debug|Win32.Build.0 = Debug|Win32
		{832DFE83-D478-4297-BE7B-1308234F1DD2}.Release|Win32.ActiveCfg = Release|Win32
		{832DFE83-D478-4297-BE7B-1308234F1DD2}.Release|Win32.Build.0 = Release|Win32
		{9002EE96-0AE6-4B5B-853B-C89FAE886A1F}.Debug|Win32.ActiveCfg = Debug|Win32
		{9002EE96-0AE6-4B5B-853B-C89FAE886A1F}.Debug|Win32.Build.0 = Debug|Win32
		{9002EE96-0AE6-4B5B-853B-C89FAE886A1F}.Release|Win32.ActiveCfg = Release|Win32
		{9002EE96-0AE6-4B5B-853B-C89FAE886A1F}.Release|Win32.Build.0 = Release|Win32
		{3DA92AFF-5608-4E32-9251-E78A2C85675A}.Debug|Win32.ActiveCfg = Debug|Win32
		{3DA92AFF-5608-4E32-9251-E78A2C85675A}.Debug|Win32.Build.0 = Debug|Win32
		{3DA92AFF-5608-4E32-9251-E78A2C85675A}.Release|Win32.ActiveCfg = Release|Win32
		{3DA92AFF-5608-4E32-9251-E78A2C85675A}.Release|Win32.Build.0 = Release|Win32
		{E05326D7-9DFE-45D5-AD5D-DF7E674D8486}.Debug|Win32.ActiveCfg = Debug|Win32
		{E05326D7-9DFE-45D5-AD5D-DF7E674D8486}.Debug|Win32.Build.0 = Debug|Win32
		{E05326D7-9DFE-45D5-AD5D-DF7E674D8486}.Release|Win32.ActiveCfg = Release|Win32
		{E05326D7-9DFE-45D5-AD5D-DF7E674D8486}.Release|Win32.Build.0 = Release|Win32
		{0ABB85D8-3B40-4B21-B5A9-C6BF4C69F444}.Debug|Win32.ActiveCfg = Debug|Win32
		{0ABB85D8-3B40-4B21-B5A9-C6BF4C69F444}.Debug|Win32.Build.0 = Debug|Win32
		{0ABB85D8-3B40-4B21-B5A9-C6BF4C69F444}.Release|Win32.ActiveCfg = Release|Win32
		{0ABB85D8-3B40-4B21-B5A9-C6BF4C69F444}.Release|Win32.Build.0 = Release|Win32
	EndGlobalSection
	GlobalSection(SolutionProperties) = preSolution
		HideSolutionNode = FALSE
	EndGlobalSection
EndGlobal
