
Microsoft Visual Studio Solution File, Format Version 11.00
# Visual Studio 2010
Project("{8BC9CEB8-8B4A-11D0-8D11-00A0C91BC942}") = "wskaznikiSymfonia", "wskaznikiSymfonia\wskaznikiSymfonia.vcxproj", "{EA861AA6-BA2E-4E1E-9A2D-2201B29C1C25}"
EndProject
Global
	GlobalSection(SolutionConfigurationPlatforms) = preSolution
		Debug|Win32 = Debug|Win32
		Release|Win32 = Release|Win32
	EndGlobalSection
	GlobalSection(ProjectConfigurationPlatforms) = postSolution
		{EA861AA6-BA2E-4E1E-9A2D-2201B29C1C25}.Debug|Win32.ActiveCfg = Debug|Win32
		{EA861AA6-BA2E-4E1E-9A2D-2201B29C1C25}.Debug|Win32.Build.0 = Debug|Win32
		{EA861AA6-BA2E-4E1E-9A2D-2201B29C1C25}.Release|Win32.ActiveCfg = Release|Win32
		{EA861AA6-BA2E-4E1E-9A2D-2201B29C1C25}.Release|Win32.Build.0 = Release|Win32
	EndGlobalSection
	GlobalSection(SolutionProperties) = preSolution
		HideSolutionNode = FALSE
	EndGlobalSection
EndGlobal
