
Microsoft Visual Studio Solution File, Format Version 11.00
# Visual Studio 2010
Project("{8BC9CEB8-8B4A-11D0-8D11-00A0C91BC942}") = "strukturyOdKuby", "strukturyOdKuby\strukturyOdKuby.vcxproj", "{8D546060-CD9F-4461-8124-1B93F0B262B4}"
EndProject
Project("{8BC9CEB8-8B4A-11D0-8D11-00A0C91BC942}") = "strukturyOdKuby_zadania", "strukturyOdKuby_zadania\strukturyOdKuby_zadania.vcxproj", "{6E0FB7F8-908D-4C21-B614-1C923F6F53F7}"
EndProject
Global
	GlobalSection(SolutionConfigurationPlatforms) = preSolution
		Debug|Win32 = Debug|Win32
		Release|Win32 = Release|Win32
	EndGlobalSection
	GlobalSection(ProjectConfigurationPlatforms) = postSolution
		{8D546060-CD9F-4461-8124-1B93F0B262B4}.Debug|Win32.ActiveCfg = Debug|Win32
		{8D546060-CD9F-4461-8124-1B93F0B262B4}.Debug|Win32.Build.0 = Debug|Win32
		{8D546060-CD9F-4461-8124-1B93F0B262B4}.Release|Win32.ActiveCfg = Release|Win32
		{8D546060-CD9F-4461-8124-1B93F0B262B4}.Release|Win32.Build.0 = Release|Win32
		{6E0FB7F8-908D-4C21-B614-1C923F6F53F7}.Debug|Win32.ActiveCfg = Debug|Win32
		{6E0FB7F8-908D-4C21-B614-1C923F6F53F7}.Debug|Win32.Build.0 = Debug|Win32
		{6E0FB7F8-908D-4C21-B614-1C923F6F53F7}.Release|Win32.ActiveCfg = Release|Win32
		{6E0FB7F8-908D-4C21-B614-1C923F6F53F7}.Release|Win32.Build.0 = Release|Win32
	EndGlobalSection
	GlobalSection(SolutionProperties) = preSolution
		HideSolutionNode = FALSE
	EndGlobalSection
EndGlobal
